
Microsoft Visual Studio Solution File, Format Version 12.00
# Visual Studio Version 17
VisualStudioVersion = 17.0.31903.59
MinimumVisualStudioVersion = 10.0.40219.1
Project("{FAE04EC0-301F-11D3-BF4B-00C04F79EFBC}") = "FizzBuzz.Domain", "FizzBuzz.Domain\FizzBuzz.Domain.csproj", "{2B22E705-4B76-4120-9E0D-6D4DB2123A37}"
EndProject
Project("{FAE04EC0-301F-11D3-BF4B-00C04F79EFBC}") = "FizzBuzz.Tests", "FizzBuzz.Tests\FizzBuzz.Tests.csproj", "{8556E697-049F-4898-88A2-875474E84D01}"
EndProject
Project("{FAE04EC0-301F-11D3-BF4B-00C04F79EFBC}") = "FizzBuzz.Application", "FizzBuzz.Application\FizzBuzz.Application.csproj", "{3255395A-F555-46FC-80A9-E85796D4FD1E}"
EndProject
Global
	GlobalSection(SolutionConfigurationPlatforms) = preSolution
		Debug|Any CPU = Debug|Any CPU
		Release|Any CPU = Release|Any CPU
	EndGlobalSection
	GlobalSection(SolutionProperties) = preSolution
		HideSolutionNode = FALSE
	EndGlobalSection
	GlobalSection(ProjectConfigurationPlatforms) = postSolution
		{2B22E705-4B76-4120-9E0D-6D4DB2123A37}.Debug|Any CPU.ActiveCfg = Debug|Any CPU
		{2B22E705-4B76-4120-9E0D-6D4DB2123A37}.Debug|Any CPU.Build.0 = Debug|Any CPU
		{2B22E705-4B76-4120-9E0D-6D4DB2123A37}.Release|Any CPU.ActiveCfg = Release|Any CPU
		{2B22E705-4B76-4120-9E0D-6D4DB2123A37}.Release|Any CPU.Build.0 = Release|Any CPU
		{8556E697-049F-4898-88A2-875474E84D01}.Debug|Any CPU.ActiveCfg = Debug|Any CPU
		{8556E697-049F-4898-88A2-875474E84D01}.Debug|Any CPU.Build.0 = Debug|Any CPU
		{8556E697-049F-4898-88A2-875474E84D01}.Release|Any CPU.ActiveCfg = Release|Any CPU
		{8556E697-049F-4898-88A2-875474E84D01}.Release|Any CPU.Build.0 = Release|Any CPU
		{3255395A-F555-46FC-80A9-E85796D4FD1E}.Debug|Any CPU.ActiveCfg = Debug|Any CPU
		{3255395A-F555-46FC-80A9-E85796D4FD1E}.Debug|Any CPU.Build.0 = Debug|Any CPU
		{3255395A-F555-46FC-80A9-E85796D4FD1E}.Release|Any CPU.ActiveCfg = Release|Any CPU
		{3255395A-F555-46FC-80A9-E85796D4FD1E}.Release|Any CPU.Build.0 = Release|Any CPU
	EndGlobalSection
EndGlobal
